// !$*UTF8*$!
{
	archiveVersion = 1;
	classes = {
	};
	objectVersion = 50;
	objects = {

/* Begin PBXBuildFile section */
		958414F3267BC87E004AF022 /* FiltersService.swift in Sources */ = {isa = PBXBuildFile; fileRef = 958414F2267BC87E004AF022 /* FiltersService.swift */; };
		958414F7267BC9F9004AF022 /* FilterModel.swift in Sources */ = {isa = PBXBuildFile; fileRef = 958414F6267BC9F9004AF022 /* FilterModel.swift */; };
		95E73E52267220FE005DD274 /* AppDelegate.swift in Sources */ = {isa = PBXBuildFile; fileRef = 95E73E51267220FE005DD274 /* AppDelegate.swift */; };
		95E73E54267220FE005DD274 /* SceneDelegate.swift in Sources */ = {isa = PBXBuildFile; fileRef = 95E73E53267220FE005DD274 /* SceneDelegate.swift */; };
		95E73E56267220FE005DD274 /* MainVC.swift in Sources */ = {isa = PBXBuildFile; fileRef = 95E73E55267220FE005DD274 /* MainVC.swift */; };
		95E73E5B26722100005DD274 /* Assets.xcassets in Resources */ = {isa = PBXBuildFile; fileRef = 95E73E5A26722100005DD274 /* Assets.xcassets */; };
		95E73E5E26722100005DD274 /* LaunchScreen.storyboard in Resources */ = {isa = PBXBuildFile; fileRef = 95E73E5C26722100005DD274 /* LaunchScreen.storyboard */; };
		95E73E6926722188005DD274 /* SetUpVC.swift in Sources */ = {isa = PBXBuildFile; fileRef = 95E73E6826722188005DD274 /* SetUpVC.swift */; };
		95E73E6C26723606005DD274 /* FilterCollectionViewCell.swift in Sources */ = {isa = PBXBuildFile; fileRef = 95E73E6B26723606005DD274 /* FilterCollectionViewCell.swift */; };
/* End PBXBuildFile section */

/* Begin PBXFileReference section */
		958414F2267BC87E004AF022 /* FiltersService.swift */ = {isa = PBXFileReference; fileEncoding = 4; lastKnownFileType = sourcecode.swift; path = FiltersService.swift; sourceTree = "<group>"; };
		958414F6267BC9F9004AF022 /* FilterModel.swift */ = {isa = PBXFileReference; lastKnownFileType = sourcecode.swift; path = FilterModel.swift; sourceTree = "<group>"; };
		95E73E4E267220FE005DD274 /* CameraFiltersHomework.app */ = {isa = PBXFileReference; explicitFileType = wrapper.application; includeInIndex = 0; path = CameraFiltersHomework.app; sourceTree = BUILT_PRODUCTS_DIR; };
		95E73E51267220FE005DD274 /* AppDelegate.swift */ = {isa = PBXFileReference; lastKnownFileType = sourcecode.swift; path = AppDelegate.swift; sourceTree = "<group>"; };
		95E73E53267220FE005DD274 /* SceneDelegate.swift */ = {isa = PBXFileReference; lastKnownFileType = sourcecode.swift; path = SceneDelegate.swift; sourceTree = "<group>"; };
		95E73E55267220FE005DD274 /* MainVC.swift */ = {isa = PBXFileReference; lastKnownFileType = sourcecode.swift; path = MainVC.swift; sourceTree = "<group>"; };
		95E73E5A26722100005DD274 /* Assets.xcassets */ = {isa = PBXFileReference; lastKnownFileType = folder.assetcatalog; path = Assets.xcassets; sourceTree = "<group>"; };
		95E73E5D26722100005DD274 /* Base */ = {isa = PBXFileReference; lastKnownFileType = file.storyboard; name = Base; path = Base.lproj/LaunchScreen.storyboard; sourceTree = "<group>"; };
		95E73E5F26722100005DD274 /* Info.plist */ = {isa = PBXFileReference; lastKnownFileType = text.plist.xml; path = Info.plist; sourceTree = "<group>"; };
		95E73E6826722188005DD274 /* SetUpVC.swift */ = {isa = PBXFileReference; lastKnownFileType = sourcecode.swift; path = SetUpVC.swift; sourceTree = "<group>"; };
		95E73E6B26723606005DD274 /* FilterCollectionViewCell.swift */ = {isa = PBXFileReference; lastKnownFileType = sourcecode.swift; path = FilterCollectionViewCell.swift; sourceTree = "<group>"; };
/* End PBXFileReference section */

/* Begin PBXFrameworksBuildPhase section */
		95E73E4B267220FE005DD274 /* Frameworks */ = {
			isa = PBXFrameworksBuildPhase;
			buildActionMask = 2147483647;
			files = (
			);
			runOnlyForDeploymentPostprocessing = 0;
		};
/* End PBXFrameworksBuildPhase section */

/* Begin PBXGroup section */
		958414FB267BD54D004AF022 /* App */ = {
			isa = PBXGroup;
			children = (
				95E73E51267220FE005DD274 /* AppDelegate.swift */,
				95E73E53267220FE005DD274 /* SceneDelegate.swift */,
				95E73E5A26722100005DD274 /* Assets.xcassets */,
			);
			path = App;
			sourceTree = "<group>";
		};
		958414FD267BD583004AF022 /* Controllers */ = {
			isa = PBXGroup;
			children = (
				95E73E55267220FE005DD274 /* MainVC.swift */,
				95E73E6826722188005DD274 /* SetUpVC.swift */,
			);
			path = Controllers;
			sourceTree = "<group>";
		};
		958414FF267BD5A7004AF022 /* Services */ = {
			isa = PBXGroup;
			children = (
				958414F2267BC87E004AF022 /* FiltersService.swift */,
			);
			path = Services;
			sourceTree = "<group>";
		};
		95841501267BD5B0004AF022 /* Models */ = {
			isa = PBXGroup;
			children = (
				958414F6267BC9F9004AF022 /* FilterModel.swift */,
			);
			path = Models;
			sourceTree = "<group>";
		};
		95841503267BD5B5004AF022 /* Views */ = {
			isa = PBXGroup;
			children = (
				95E73E6B26723606005DD274 /* FilterCollectionViewCell.swift */,
			);
			path = Views;
			sourceTree = "<group>";
		};
		95E73E45267220FE005DD274 = {
			isa = PBXGroup;
			children = (
				95E73E50267220FE005DD274 /* CameraFiltersHomework */,
				95E73E4F267220FE005DD274 /* Products */,
			);
			sourceTree = "<group>";
		};
		95E73E4F267220FE005DD274 /* Products */ = {
			isa = PBXGroup;
			children = (
				95E73E4E267220FE005DD274 /* CameraFiltersHomework.app */,
			);
			name = Products;
			sourceTree = "<group>";
		};
		95E73E50267220FE005DD274 /* CameraFiltersHomework */ = {
			isa = PBXGroup;
			children = (
				958414FB267BD54D004AF022 /* App */,
				958414FF267BD5A7004AF022 /* Services */,
				95841501267BD5B0004AF022 /* Models */,
				95841503267BD5B5004AF022 /* Views */,
				958414FD267BD583004AF022 /* Controllers */,
				95E73E5C26722100005DD274 /* LaunchScreen.storyboard */,
				95E73E5F26722100005DD274 /* Info.plist */,
			);
			path = CameraFiltersHomework;
			sourceTree = "<group>";
		};
/* End PBXGroup section */

/* Begin PBXNativeTarget section */
		95E73E4D267220FE005DD274 /* CameraFiltersHomework */ = {
			isa = PBXNativeTarget;
			buildConfigurationList = 95E73E6226722100005DD274 /* Build configuration list for PBXNativeTarget "CameraFiltersHomework" */;
			buildPhases = (
				95E73E4A267220FE005DD274 /* Sources */,
				95E73E4B267220FE005DD274 /* Frameworks */,
				95E73E4C267220FE005DD274 /* Resources */,
			);
			buildRules = (
			);
			dependencies = (
			);
			name = CameraFiltersHomework;
			productName = CameraFiltersHomework;
			productReference = 95E73E4E267220FE005DD274 /* CameraFiltersHomework.app */;
			productType = "com.apple.product-type.application";
		};
/* End PBXNativeTarget section */

/* Begin PBXProject section */
		95E73E46267220FE005DD274 /* Project object */ = {
			isa = PBXProject;
			attributes = {
				LastSwiftUpdateCheck = 1240;
				LastUpgradeCheck = 1240;
				TargetAttributes = {
					95E73E4D267220FE005DD274 = {
						CreatedOnToolsVersion = 12.4;
					};
				};
			};
			buildConfigurationList = 95E73E49267220FE005DD274 /* Build configuration list for PBXProject "CameraFiltersHomework" */;
			compatibilityVersion = "Xcode 9.3";
			developmentRegion = en;
			hasScannedForEncodings = 0;
			knownRegions = (
				en,
				Base,
			);
			mainGroup = 95E73E45267220FE005DD274;
			productRefGroup = 95E73E4F267220FE005DD274 /* Products */;
			projectDirPath = "";
			projectRoot = "";
			targets = (
				95E73E4D267220FE005DD274 /* CameraFiltersHomework */,
			);
		};
/* End PBXProject section */

/* Begin PBXResourcesBuildPhase section */
		95E73E4C267220FE005DD274 /* Resources */ = {
			isa = PBXResourcesBuildPhase;
			buildActionMask = 2147483647;
			files = (
				95E73E5E26722100005DD274 /* LaunchScreen.storyboard in Resources */,
				95E73E5B26722100005DD274 /* Assets.xcassets in Resources */,
			);
			runOnlyForDeploymentPostprocessing = 0;
		};
/* End PBXResourcesBuildPhase section */

/* Begin PBXSourcesBuildPhase section */
		95E73E4A267220FE005DD274 /* Sources */ = {
			isa = PBXSourcesBuildPhase;
			buildActionMask = 2147483647;
			files = (
				95E73E56267220FE005DD274 /* MainVC.swift in Sources */,
				95E73E6C26723606005DD274 /* FilterCollectionViewCell.swift in Sources */,
				95E73E52267220FE005DD274 /* AppDelegate.swift in Sources */,
				958414F3267BC87E004AF022 /* FiltersService.swift in Sources */,
				95E73E6926722188005DD274 /* SetUpVC.swift in Sources */,
				95E73E54267220FE005DD274 /* SceneDelegate.swift in Sources */,
				958414F7267BC9F9004AF022 /* FilterModel.swift in Sources */,
			);
			runOnlyForDeploymentPostprocessing = 0;
		};
/* End PBXSourcesBuildPhase section */

/* Begin PBXVariantGroup section */
		95E73E5C26722100005DD274 /* LaunchScreen.storyboard */ = {
			isa = PBXVariantGroup;
			children = (
				95E73E5D26722100005DD274 /* Base */,
			);
			name = LaunchScreen.storyboard;
			sourceTree = "<group>";
		};
/* End PBXVariantGroup section */

/* Begin XCBuildConfiguration section */
		95E73E6026722100005DD274 /* Debug */ = {
			isa = XCBuildConfiguration;
			buildSettings = {
				ALWAYS_SEARCH_USER_PATHS = NO;
				CLANG_ANALYZER_NONNULL = YES;
				CLANG_ANALYZER_NUMBER_OBJECT_CONVERSION = YES_AGGRESSIVE;
				CLANG_CXX_LANGUAGE_STANDARD = "gnu++14";
				CLANG_CXX_LIBRARY = "libc++";
				CLANG_ENABLE_MODULES = YES;
				CLANG_ENABLE_OBJC_ARC = YES;
				CLANG_ENABLE_OBJC_WEAK = YES;
				CLANG_WARN_BLOCK_CAPTURE_AUTORELEASING = YES;
				CLANG_WARN_BOOL_CONVERSION = YES;
				CLANG_WARN_COMMA = YES;
				CLANG_WARN_CONSTANT_CONVERSION = YES;
				CLANG_WARN_DEPRECATED_OBJC_IMPLEMENTATIONS = YES;
				CLANG_WARN_DIRECT_OBJC_ISA_USAGE = YES_ERROR;
				CLANG_WARN_DOCUMENTATION_COMMENTS = YES;
				CLANG_WARN_EMPTY_BODY = YES;
				CLANG_WARN_ENUM_CONVERSION = YES;
				CLANG_WARN_INFINITE_RECURSION = YES;
				CLANG_WARN_INT_CONVERSION = YES;
				CLANG_WARN_NON_LITERAL_NULL_CONVERSION = YES;
				CLANG_WARN_OBJC_IMPLICIT_RETAIN_SELF = YES;
				CLANG_WARN_OBJC_LITERAL_CONVERSION = YES;
				CLANG_WARN_OBJC_ROOT_CLASS = YES_ERROR;
				CLANG_WARN_QUOTED_INCLUDE_IN_FRAMEWORK_HEADER = YES;
				CLANG_WARN_RANGE_LOOP_ANALYSIS = YES;
				CLANG_WARN_STRICT_PROTOTYPES = YES;
				CLANG_WARN_SUSPICIOUS_MOVE = YES;
				CLANG_WARN_UNGUARDED_AVAILABILITY = YES_AGGRESSIVE;
				CLANG_WARN_UNREACHABLE_CODE = YES;
				CLANG_WARN__DUPLICATE_METHOD_MATCH = YES;
				COPY_PHASE_STRIP = NO;
				DEBUG_INFORMATION_FORMAT = dwarf;
				ENABLE_STRICT_OBJC_MSGSEND = YES;
				ENABLE_TESTABILITY = YES;
				GCC_C_LANGUAGE_STANDARD = gnu11;
				GCC_DYNAMIC_NO_PIC = NO;
				GCC_NO_COMMON_BLOCKS = YES;
				GCC_OPTIMIZATION_LEVEL = 0;
				GCC_PREPROCESSOR_DEFINITIONS = (
					"DEBUG=1",
					"$(inherited)",
				);
				GCC_WARN_64_TO_32_BIT_CONVERSION = YES;
				GCC_WARN_ABOUT_RETURN_TYPE = YES_ERROR;
				GCC_WARN_UNDECLARED_SELECTOR = YES;
				GCC_WARN_UNINITIALIZED_AUTOS = YES_AGGRESSIVE;
				GCC_WARN_UNUSED_FUNCTION = YES;
				GCC_WARN_UNUSED_VARIABLE = YES;
				IPHONEOS_DEPLOYMENT_TARGET = 14.4;
				MTL_ENABLE_DEBUG_INFO = INCLUDE_SOURCE;
				MTL_FAST_MATH = YES;
				ONLY_ACTIVE_ARCH = YES;
				SDKROOT = iphoneos;
				SWIFT_ACTIVE_COMPILATION_CONDITIONS = DEBUG;
				SWIFT_OPTIMIZATION_LEVEL = "-Onone";
			};
			name = Debug;
		};
		95E73E6126722100005DD274 /* Release */ = {
			isa = XCBuildConfiguration;
			buildSettings = {
				ALWAYS_SEARCH_USER_PATHS = NO;
				CLANG_ANALYZER_NONNULL = YES;
				CLANG_ANALYZER_NUMBER_OBJECT_CONVERSION = YES_AGGRESSIVE;
				CLANG_CXX_LANGUAGE_STANDARD = "gnu++14";
				CLANG_CXX_LIBRARY = "libc++";
				CLANG_ENABLE_MODULES = YES;
				CLANG_ENABLE_OBJC_ARC = YES;
				CLANG_ENABLE_OBJC_WEAK = YES;
				CLANG_WARN_BLOCK_CAPTURE_AUTORELEASING = YES;
				CLANG_WARN_BOOL_CONVERSION = YES;
				CLANG_WARN_COMMA = YES;
				CLANG_WARN_CONSTANT_CONVERSION = YES;
				CLANG_WARN_DEPRECATED_OBJC_IMPLEMENTATIONS = YES;
				CLANG_WARN_DIRECT_OBJC_ISA_USAGE = YES_ERROR;
				CLANG_WARN_DOCUMENTATION_COMMENTS = YES;
				CLANG_WARN_EMPTY_BODY = YES;
				CLANG_WARN_ENUM_CONVERSION = YES;
				CLANG_WARN_INFINITE_RECURSION = YES;
				CLANG_WARN_INT_CONVERSION = YES;
				CLANG_WARN_NON_LITERAL_NULL_CONVERSION = YES;
				CLANG_WARN_OBJC_IMPLICIT_RETAIN_SELF = YES;
				CLANG_WARN_OBJC_LITERAL_CONVERSION = YES;
				CLANG_WARN_OBJC_ROOT_CLASS = YES_ERROR;
				CLANG_WARN_QUOTED_INCLUDE_IN_FRAMEWORK_HEADER = YES;
				CLANG_WARN_RANGE_LOOP_ANALYSIS = YES;
				CLANG_WARN_STRICT_PROTOTYPES = YES;
				CLANG_WARN_SUSPICIOUS_MOVE = YES;
				CLANG_WARN_UNGUARDED_AVAILABILITY = YES_AGGRESSIVE;
				CLANG_WARN_UNREACHABLE_CODE = YES;
				CLANG_WARN__DUPLICATE_METHOD_MATCH = YES;
				COPY_PHASE_STRIP = NO;
				DEBUG_INFORMATION_FORMAT = "dwarf-with-dsym";
				ENABLE_NS_ASSERTIONS = NO;
				ENABLE_STRICT_OBJC_MSGSEND = YES;
				GCC_C_LANGUAGE_STANDARD = gnu11;
				GCC_NO_COMMON_BLOCKS = YES;
				GCC_WARN_64_TO_32_BIT_CONVERSION = YES;
				GCC_WARN_ABOUT_RETURN_TYPE = YES_ERROR;
				GCC_WARN_UNDECLARED_SELECTOR = YES;
				GCC_WARN_UNINITIALIZED_AUTOS = YES_AGGRESSIVE;
				GCC_WARN_UNUSED_FUNCTION = YES;
				GCC_WARN_UNUSED_VARIABLE = YES;
				IPHONEOS_DEPLOYMENT_TARGET = 14.4;
				MTL_ENABLE_DEBUG_INFO = NO;
				MTL_FAST_MATH = YES;
				SDKROOT = iphoneos;
				SWIFT_COMPILATION_MODE = wholemodule;
				SWIFT_OPTIMIZATION_LEVEL = "-O";
				VALIDATE_PRODUCT = YES;
			};
			name = Release;
		};
		95E73E6326722100005DD274 /* Debug */ = {
			isa = XCBuildConfiguration;
			buildSettings = {
				ASSETCATALOG_COMPILER_APPICON_NAME = AppIcon;
				ASSETCATALOG_COMPILER_GLOBAL_ACCENT_COLOR_NAME = AccentColor;
				CODE_SIGN_STYLE = Automatic;
				DEVELOPMENT_TEAM = KUSDFW5AQ8;
				INFOPLIST_FILE = CameraFiltersHomework/Info.plist;
				LD_RUNPATH_SEARCH_PATHS = (
					"$(inherited)",
					"@executable_path/Frameworks",
				);
				PRODUCT_BUNDLE_IDENTIFIER = ru.Anna.ReferenceProblemsInMemory.CameraFiltersHomework;
				PRODUCT_NAME = "$(TARGET_NAME)";
				SWIFT_VERSION = 5.0;
				TARGETED_DEVICE_FAMILY = "1,2";
			};
			name = Debug;
		};
		95E73E6426722100005DD274 /* Release */ = {
			isa = XCBuildConfiguration;
			buildSettings = {
				ASSETCATALOG_COMPILER_APPICON_NAME = AppIcon;
				ASSETCATALOG_COMPILER_GLOBAL_ACCENT_COLOR_NAME = AccentColor;
				CODE_SIGN_STYLE = Automatic;
				DEVELOPMENT_TEAM = KUSDFW5AQ8;
				INFOPLIST_FILE = CameraFiltersHomework/Info.plist;
				LD_RUNPATH_SEARCH_PATHS = (
					"$(inherited)",
					"@executable_path/Frameworks",
				);
				PRODUCT_BUNDLE_IDENTIFIER = ru.Anna.ReferenceProblemsInMemory.CameraFiltersHomework;
				PRODUCT_NAME = "$(TARGET_NAME)";
				SWIFT_VERSION = 5.0;
				TARGETED_DEVICE_FAMILY = "1,2";
			};
			name = Release;
		};
/* End XCBuildConfiguration section */

/* Begin XCConfigurationList section */
		95E73E49267220FE005DD274 /* Build configuration list for PBXProject "CameraFiltersHomework" */ = {
			isa = XCConfigurationList;
			buildConfigurations = (
				95E73E6026722100005DD274 /* Debug */,
				95E73E6126722100005DD274 /* Release */,
			);
			defaultConfigurationIsVisible = 0;
			defaultConfigurationName = Release;
		};
		95E73E6226722100005DD274 /* Build configuration list for PBXNativeTarget "CameraFiltersHomework" */ = {
			isa = XCConfigurationList;
			buildConfigurations = (
				95E73E6326722100005DD274 /* Debug */,
				95E73E6426722100005DD274 /* Release */,
			);
			defaultConfigurationIsVisible = 0;
			defaultConfigurationName = Release;
		};
/* End XCConfigurationList section */
	};
	rootObject = 95E73E46267220FE005DD274 /* Project object */;
}
